
Microsoft Visual Studio Solution File, Format Version 12.00
# Visual Studio Version 16
VisualStudioVersion = 16.0.30330.147
MinimumVisualStudioVersion = 10.0.40219.1
Project("{FAE04EC0-301F-11D3-BF4B-00C04F79EFBC}") = "CreateSheets2019", "CreateSheets2019\CreateSheets2019.csproj", "{831FC088-D8FE-4B98-83B7-0206D9914971}"
EndProject
Project("{FAE04EC0-301F-11D3-BF4B-00C04F79EFBC}") = "CreateSheets2020", "CreateSheets2020\CreateSheets2020.csproj", "{7BFC0A5E-BBC9-4BD8-A795-078B430EAA4E}"
EndProject
Project("{FAE04EC0-301F-11D3-BF4B-00C04F79EFBC}") = "DuplicateSheets2019", "DuplicateSheets2019\DuplicateSheets2019.csproj", "{3823D62C-DBFA-478E-8A1A-34868E8B7053}"
EndProject
Project("{FAE04EC0-301F-11D3-BF4B-00C04F79EFBC}") = "DuplicateSheets2020", "DuplicateSheets2020\DuplicateSheets2020.csproj", "{385CB207-0D76-4CCB-A601-0FFFE978446A}"
EndProject
Project("{D954291E-2A0B-460D-934E-DC6B0785DB48}") = "SharedDuplicate", "SharedDuplicate\SharedDuplicate.shproj", "{1CD6176A-840A-48D7-A3CF-5B3D2A3BFD70}"
EndProject
Project("{D954291E-2A0B-460D-934E-DC6B0785DB48}") = "SharedCreate", "SharedCreate\SharedCreate.shproj", "{2791FB0E-175A-4809-B8FB-48F3FC4108B1}"
EndProject
Project("{D954291E-2A0B-460D-934E-DC6B0785DB48}") = "SharedCode", "Shared\SharedCode.shproj", "{CB3C9214-8915-4CB0-975C-19B6F49D410B}"
EndProject
Project("{D954291E-2A0B-460D-934E-DC6B0785DB48}") = "SharedLibrary", "SharedLibrary\SharedLibrary.shproj", "{76028AFE-7C9D-4D01-9C7F-6E5890087D89}"
EndProject
Project("{FAE04EC0-301F-11D3-BF4B-00C04F79EFBC}") = "SharedResources", "SharedResources\SharedResources.csproj", "{00196854-AA9E-4FDD-9346-834708DAC17B}"
EndProject
Project("{2150E333-8FDC-42A3-9474-1A3956D46DE8}") = "Info", "Info", "{3E90065B-56A6-458D-94CF-8BE9A4F1BD85}"
	ProjectSection(SolutionItems) = preProject
		Version Information.txt = Version Information.txt
	EndProjectSection
EndProject
Project("{FAE04EC0-301F-11D3-BF4B-00C04F79EFBC}") = "DuplicateSheets2021", "DuplicateSheets2021\DuplicateSheets2021.csproj", "{C5F8E611-D295-4863-98BE-69442B7807B3}"
EndProject
Project("{FAE04EC0-301F-11D3-BF4B-00C04F79EFBC}") = "CreateSheets2021", "CreateSheets2021\CreateSheets2021.csproj", "{68828784-43D8-4F37-A33B-E81FD47CA2AF}"
EndProject
Global
	GlobalSection(SharedMSBuildProjectFiles) = preSolution
		SharedLibrary\SharedLibrary.projitems*{00196854-aa9e-4fdd-9346-834708dac17b}*SharedItemsImports = 4
		SharedDuplicate\SharedDuplicate.projitems*{1cd6176a-840a-48d7-a3cf-5b3d2a3bfd70}*SharedItemsImports = 13
		SharedCreate\SharedCreate.projitems*{2791fb0e-175a-4809-b8fb-48f3fc4108b1}*SharedItemsImports = 13
		SharedDuplicate\SharedDuplicate.projitems*{3823d62c-dbfa-478e-8a1a-34868e8b7053}*SharedItemsImports = 4
		SharedLibrary\SharedLibrary.projitems*{3823d62c-dbfa-478e-8a1a-34868e8b7053}*SharedItemsImports = 4
		Shared\Shared.projitems*{3823d62c-dbfa-478e-8a1a-34868e8b7053}*SharedItemsImports = 4
		SharedDuplicate\SharedDuplicate.projitems*{385cb207-0d76-4ccb-a601-0fffe978446a}*SharedItemsImports = 4
		SharedLibrary\SharedLibrary.projitems*{385cb207-0d76-4ccb-a601-0fffe978446a}*SharedItemsImports = 4
		Shared\Shared.projitems*{385cb207-0d76-4ccb-a601-0fffe978446a}*SharedItemsImports = 4
		SharedCreate\SharedCreate.projitems*{68828784-43d8-4f37-a33b-e81fd47ca2af}*SharedItemsImports = 4
		SharedLibrary\SharedLibrary.projitems*{68828784-43d8-4f37-a33b-e81fd47ca2af}*SharedItemsImports = 4
		Shared\Shared.projitems*{68828784-43d8-4f37-a33b-e81fd47ca2af}*SharedItemsImports = 4
		SharedLibrary\SharedLibrary.projitems*{76028afe-7c9d-4d01-9c7f-6e5890087d89}*SharedItemsImports = 13
		SharedCreate\SharedCreate.projitems*{7bfc0a5e-bbc9-4bd8-a795-078b430eaa4e}*SharedItemsImports = 4
		SharedLibrary\SharedLibrary.projitems*{7bfc0a5e-bbc9-4bd8-a795-078b430eaa4e}*SharedItemsImports = 4
		Shared\Shared.projitems*{7bfc0a5e-bbc9-4bd8-a795-078b430eaa4e}*SharedItemsImports = 4
		SharedCreate\SharedCreate.projitems*{831fc088-d8fe-4b98-83b7-0206d9914971}*SharedItemsImports = 4
		SharedLibrary\SharedLibrary.projitems*{831fc088-d8fe-4b98-83b7-0206d9914971}*SharedItemsImports = 4
		Shared\Shared.projitems*{831fc088-d8fe-4b98-83b7-0206d9914971}*SharedItemsImports = 4
		SharedDuplicate\SharedDuplicate.projitems*{c5f8e611-d295-4863-98be-69442b7807b3}*SharedItemsImports = 4
		SharedLibrary\SharedLibrary.projitems*{c5f8e611-d295-4863-98be-69442b7807b3}*SharedItemsImports = 4
		Shared\Shared.projitems*{c5f8e611-d295-4863-98be-69442b7807b3}*SharedItemsImports = 4
		Shared\Shared.projitems*{cb3c9214-8915-4cb0-975c-19b6f49d410b}*SharedItemsImports = 13
	EndGlobalSection
	GlobalSection(SolutionConfigurationPlatforms) = preSolution
		Create2017Debug|Any CPU = Create2017Debug|Any CPU
		Create2017Debug|x64 = Create2017Debug|x64
		Create2017Release|Any CPU = Create2017Release|Any CPU
		Create2017Release|x64 = Create2017Release|x64
		Create2018Debug|Any CPU = Create2018Debug|Any CPU
		Create2018Debug|x64 = Create2018Debug|x64
		Create2018Release|Any CPU = Create2018Release|Any CPU
		Create2018Release|x64 = Create2018Release|x64
		Create2019Debug|Any CPU = Create2019Debug|Any CPU
		Create2019Debug|x64 = Create2019Debug|x64
		Create2019Release|Any CPU = Create2019Release|Any CPU
		Create2019Release|x64 = Create2019Release|x64
		Create2020Debug|Any CPU = Create2020Debug|Any CPU
		Create2020Debug|x64 = Create2020Debug|x64
		Create2020Release|Any CPU = Create2020Release|Any CPU
		Create2020Release|x64 = Create2020Release|x64
		Create2021Debug|Any CPU = Create2021Debug|Any CPU
		Create2021Debug|x64 = Create2021Debug|x64
		Create2021Release|Any CPU = Create2021Release|Any CPU
		Create2021Release|x64 = Create2021Release|x64
		Debug|Any CPU = Debug|Any CPU
		Debug|x64 = Debug|x64
		Dup2017Debug|Any CPU = Dup2017Debug|Any CPU
		Dup2017Debug|x64 = Dup2017Debug|x64
		Dup2017Release|Any CPU = Dup2017Release|Any CPU
		Dup2017Release|x64 = Dup2017Release|x64
		Dup2018Debug|Any CPU = Dup2018Debug|Any CPU
		Dup2018Debug|x64 = Dup2018Debug|x64
		Dup2018Release|Any CPU = Dup2018Release|Any CPU
		Dup2018Release|x64 = Dup2018Release|x64
		Dup2019Debug|Any CPU = Dup2019Debug|Any CPU
		Dup2019Debug|x64 = Dup2019Debug|x64
		Dup2019Release|Any CPU = Dup2019Release|Any CPU
		Dup2019Release|x64 = Dup2019Release|x64
		Dup2020Debug|Any CPU = Dup2020Debug|Any CPU
		Dup2020Debug|x64 = Dup2020Debug|x64
		Dup2020Release|Any CPU = Dup2020Release|Any CPU
		Dup2020Release|x64 = Dup2020Release|x64
		Dup2021Debug|Any CPU = Dup2021Debug|Any CPU
		Dup2021Debug|x64 = Dup2021Debug|x64
		Dup2021Release|Any CPU = Dup2021Release|Any CPU
		Dup2021Release|x64 = Dup2021Release|x64
		Release|Any CPU = Release|Any CPU
		Release|x64 = Release|x64
	EndGlobalSection
	GlobalSection(ProjectConfigurationPlatforms) = postSolution
		{831FC088-D8FE-4B98-83B7-0206D9914971}.Create2017Debug|Any CPU.ActiveCfg = Create2019Release|Any CPU
		{831FC088-D8FE-4B98-83B7-0206D9914971}.Create2017Debug|x64.ActiveCfg = Create2019Release|x64
		{831FC088-D8FE-4B98-83B7-0206D9914971}.Create2017Debug|x64.Build.0 = Create2019Release|x64
		{831FC088-D8FE-4B98-83B7-0206D9914971}.Create2017Release|Any CPU.ActiveCfg = Create2019Release|Any CPU
		{831FC088-D8FE-4B98-83B7-0206D9914971}.Create2017Release|x64.ActiveCfg = Create2019Release|x64
		{831FC088-D8FE-4B98-83B7-0206D9914971}.Create2017Release|x64.Build.0 = Create2019Release|x64
		{831FC088-D8FE-4B98-83B7-0206D9914971}.Create2018Debug|Any CPU.ActiveCfg = Create2019Release|Any CPU
		{831FC088-D8FE-4B98-83B7-0206D9914971}.Create2018Debug|x64.ActiveCfg = Create2019Release|x64
		{831FC088-D8FE-4B98-83B7-0206D9914971}.Create2018Debug|x64.Build.0 = Create2019Release|x64
		{831FC088-D8FE-4B98-83B7-0206D9914971}.Create2018Release|Any CPU.ActiveCfg = Create2019Release|Any CPU
		{831FC088-D8FE-4B98-83B7-0206D9914971}.Create2018Release|x64.ActiveCfg = Create2019Release|x64
		{831FC088-D8FE-4B98-83B7-0206D9914971}.Create2018Release|x64.Build.0 = Create2019Release|x64
		{831FC088-D8FE-4B98-83B7-0206D9914971}.Create2019Debug|Any CPU.ActiveCfg = Create2019Debug|Any CPU
		{831FC088-D8FE-4B98-83B7-0206D9914971}.Create2019Debug|Any CPU.Build.0 = Create2019Debug|Any CPU
		{831FC088-D8FE-4B98-83B7-0206D9914971}.Create2019Debug|x64.ActiveCfg = Create2019Debug|x64
		{831FC088-D8FE-4B98-83B7-0206D9914971}.Create2019Debug|x64.Build.0 = Create2019Debug|x64
		{831FC088-D8FE-4B98-83B7-0206D9914971}.Create2019Release|Any CPU.ActiveCfg = Create2019Release|Any CPU
		{831FC088-D8FE-4B98-83B7-0206D9914971}.Create2019Release|Any CPU.Build.0 = Create2019Release|Any CPU
		{831FC088-D8FE-4B98-83B7-0206D9914971}.Create2019Release|x64.ActiveCfg = Create2019Release|x64
		{831FC088-D8FE-4B98-83B7-0206D9914971}.Create2019Release|x64.Build.0 = Create2019Release|x64
		{831FC088-D8FE-4B98-83B7-0206D9914971}.Create2020Debug|Any CPU.ActiveCfg = Create2019Release|Any CPU
		{831FC088-D8FE-4B98-83B7-0206D9914971}.Create2020Debug|x64.ActiveCfg = Create2019Release|x64
		{831FC088-D8FE-4B98-83B7-0206D9914971}.Create2020Debug|x64.Build.0 = Create2019Release|x64
		{831FC088-D8FE-4B98-83B7-0206D9914971}.Create2020Release|Any CPU.ActiveCfg = Create2019Release|Any CPU
		{831FC088-D8FE-4B98-83B7-0206D9914971}.Create2020Release|x64.ActiveCfg = Create2019Release|x64
		{831FC088-D8FE-4B98-83B7-0206D9914971}.Create2020Release|x64.Build.0 = Create2019Release|x64
		{831FC088-D8FE-4B98-83B7-0206D9914971}.Create2021Debug|Any CPU.ActiveCfg = Create2019Debug|Any CPU
		{831FC088-D8FE-4B98-83B7-0206D9914971}.Create2021Debug|Any CPU.Build.0 = Create2019Debug|Any CPU
		{831FC088-D8FE-4B98-83B7-0206D9914971}.Create2021Debug|x64.ActiveCfg = Create2019Debug|x64
		{831FC088-D8FE-4B98-83B7-0206D9914971}.Create2021Debug|x64.Build.0 = Create2019Debug|x64
		{831FC088-D8FE-4B98-83B7-0206D9914971}.Create2021Release|Any CPU.ActiveCfg = Create2019Debug|Any CPU
		{831FC088-D8FE-4B98-83B7-0206D9914971}.Create2021Release|Any CPU.Build.0 = Create2019Debug|Any CPU
		{831FC088-D8FE-4B98-83B7-0206D9914971}.Create2021Release|x64.ActiveCfg = Create2019Debug|x64
		{831FC088-D8FE-4B98-83B7-0206D9914971}.Create2021Release|x64.Build.0 = Create2019Debug|x64
		{831FC088-D8FE-4B98-83B7-0206D9914971}.Debug|Any CPU.ActiveCfg = Debug|Any CPU
		{831FC088-D8FE-4B98-83B7-0206D9914971}.Debug|Any CPU.Build.0 = Debug|Any CPU
		{831FC088-D8FE-4B98-83B7-0206D9914971}.Debug|x64.ActiveCfg = Debug|x64
		{831FC088-D8FE-4B98-83B7-0206D9914971}.Debug|x64.Build.0 = Debug|x64
		{831FC088-D8FE-4B98-83B7-0206D9914971}.Dup2017Debug|Any CPU.ActiveCfg = Debug|Any CPU
		{831FC088-D8FE-4B98-83B7-0206D9914971}.Dup2017Debug|x64.ActiveCfg = Debug|x64
		{831FC088-D8FE-4B98-83B7-0206D9914971}.Dup2017Debug|x64.Build.0 = Debug|x64
		{831FC088-D8FE-4B98-83B7-0206D9914971}.Dup2017Release|Any CPU.ActiveCfg = Release|Any CPU
		{831FC088-D8FE-4B98-83B7-0206D9914971}.Dup2017Release|x64.ActiveCfg = Release|x64
		{831FC088-D8FE-4B98-83B7-0206D9914971}.Dup2017Release|x64.Build.0 = Release|x64
		{831FC088-D8FE-4B98-83B7-0206D9914971}.Dup2018Debug|Any CPU.ActiveCfg = Debug|Any CPU
		{831FC088-D8FE-4B98-83B7-0206D9914971}.Dup2018Debug|x64.ActiveCfg = Debug|x64
		{831FC088-D8FE-4B98-83B7-0206D9914971}.Dup2018Debug|x64.Build.0 = Debug|x64
		{831FC088-D8FE-4B98-83B7-0206D9914971}.Dup2018Release|Any CPU.ActiveCfg = Release|Any CPU
		{831FC088-D8FE-4B98-83B7-0206D9914971}.Dup2018Release|x64.ActiveCfg = Release|x64
		{831FC088-D8FE-4B98-83B7-0206D9914971}.Dup2018Release|x64.Build.0 = Release|x64
		{831FC088-D8FE-4B98-83B7-0206D9914971}.Dup2019Debug|Any CPU.ActiveCfg = Debug|Any CPU
		{831FC088-D8FE-4B98-83B7-0206D9914971}.Dup2019Debug|x64.ActiveCfg = Debug|x64
		{831FC088-D8FE-4B98-83B7-0206D9914971}.Dup2019Debug|x64.Build.0 = Debug|x64
		{831FC088-D8FE-4B98-83B7-0206D9914971}.Dup2019Release|Any CPU.ActiveCfg = Release|Any CPU
		{831FC088-D8FE-4B98-83B7-0206D9914971}.Dup2019Release|x64.ActiveCfg = Release|x64
		{831FC088-D8FE-4B98-83B7-0206D9914971}.Dup2019Release|x64.Build.0 = Release|x64
		{831FC088-D8FE-4B98-83B7-0206D9914971}.Dup2020Debug|Any CPU.ActiveCfg = Debug|Any CPU
		{831FC088-D8FE-4B98-83B7-0206D9914971}.Dup2020Debug|x64.ActiveCfg = Debug|x64
		{831FC088-D8FE-4B98-83B7-0206D9914971}.Dup2020Debug|x64.Build.0 = Debug|x64
		{831FC088-D8FE-4B98-83B7-0206D9914971}.Dup2020Release|Any CPU.ActiveCfg = Release|Any CPU
		{831FC088-D8FE-4B98-83B7-0206D9914971}.Dup2020Release|x64.ActiveCfg = Release|x64
		{831FC088-D8FE-4B98-83B7-0206D9914971}.Dup2020Release|x64.Build.0 = Release|x64
		{831FC088-D8FE-4B98-83B7-0206D9914971}.Dup2021Debug|Any CPU.ActiveCfg = Debug|Any CPU
		{831FC088-D8FE-4B98-83B7-0206D9914971}.Dup2021Debug|Any CPU.Build.0 = Debug|Any CPU
		{831FC088-D8FE-4B98-83B7-0206D9914971}.Dup2021Debug|x64.ActiveCfg = Debug|x64
		{831FC088-D8FE-4B98-83B7-0206D9914971}.Dup2021Debug|x64.Build.0 = Debug|x64
		{831FC088-D8FE-4B98-83B7-0206D9914971}.Dup2021Release|Any CPU.ActiveCfg = Release|Any CPU
		{831FC088-D8FE-4B98-83B7-0206D9914971}.Dup2021Release|Any CPU.Build.0 = Release|Any CPU
		{831FC088-D8FE-4B98-83B7-0206D9914971}.Dup2021Release|x64.ActiveCfg = Release|x64
		{831FC088-D8FE-4B98-83B7-0206D9914971}.Dup2021Release|x64.Build.0 = Release|x64
		{831FC088-D8FE-4B98-83B7-0206D9914971}.Release|Any CPU.ActiveCfg = Release|Any CPU
		{831FC088-D8FE-4B98-83B7-0206D9914971}.Release|Any CPU.Build.0 = Release|Any CPU
		{831FC088-D8FE-4B98-83B7-0206D9914971}.Release|x64.ActiveCfg = Release|x64
		{831FC088-D8FE-4B98-83B7-0206D9914971}.Release|x64.Build.0 = Release|x64
		{7BFC0A5E-BBC9-4BD8-A795-078B430EAA4E}.Create2017Debug|Any CPU.ActiveCfg = Create2020Release|Any CPU
		{7BFC0A5E-BBC9-4BD8-A795-078B430EAA4E}.Create2017Debug|x64.ActiveCfg = Create2020Release|x64
		{7BFC0A5E-BBC9-4BD8-A795-078B430EAA4E}.Create2017Debug|x64.Build.0 = Create2020Release|x64
		{7BFC0A5E-BBC9-4BD8-A795-078B430EAA4E}.Create2017Release|Any CPU.ActiveCfg = Create2020Release|Any CPU
		{7BFC0A5E-BBC9-4BD8-A795-078B430EAA4E}.Create2017Release|x64.ActiveCfg = Create2020Release|x64
		{7BFC0A5E-BBC9-4BD8-A795-078B430EAA4E}.Create2017Release|x64.Build.0 = Create2020Release|x64
		{7BFC0A5E-BBC9-4BD8-A795-078B430EAA4E}.Create2018Debug|Any CPU.ActiveCfg = Create2020Release|Any CPU
		{7BFC0A5E-BBC9-4BD8-A795-078B430EAA4E}.Create2018Debug|x64.ActiveCfg = Create2020Release|x64
		{7BFC0A5E-BBC9-4BD8-A795-078B430EAA4E}.Create2018Debug|x64.Build.0 = Create2020Release|x64
		{7BFC0A5E-BBC9-4BD8-A795-078B430EAA4E}.Create2018Release|Any CPU.ActiveCfg = Create2020Release|Any CPU
		{7BFC0A5E-BBC9-4BD8-A795-078B430EAA4E}.Create2018Release|x64.ActiveCfg = Create2020Release|x64
		{7BFC0A5E-BBC9-4BD8-A795-078B430EAA4E}.Create2018Release|x64.Build.0 = Create2020Release|x64
		{7BFC0A5E-BBC9-4BD8-A795-078B430EAA4E}.Create2019Debug|Any CPU.ActiveCfg = Create2020Release|Any CPU
		{7BFC0A5E-BBC9-4BD8-A795-078B430EAA4E}.Create2019Debug|x64.ActiveCfg = Create2020Release|x64
		{7BFC0A5E-BBC9-4BD8-A795-078B430EAA4E}.Create2019Debug|x64.Build.0 = Create2020Release|x64
		{7BFC0A5E-BBC9-4BD8-A795-078B430EAA4E}.Create2019Release|Any CPU.ActiveCfg = Create2020Release|Any CPU
		{7BFC0A5E-BBC9-4BD8-A795-078B430EAA4E}.Create2019Release|x64.ActiveCfg = Create2020Release|x64
		{7BFC0A5E-BBC9-4BD8-A795-078B430EAA4E}.Create2019Release|x64.Build.0 = Create2020Release|x64
		{7BFC0A5E-BBC9-4BD8-A795-078B430EAA4E}.Create2020Debug|Any CPU.ActiveCfg = Create2020Debug|Any CPU
		{7BFC0A5E-BBC9-4BD8-A795-078B430EAA4E}.Create2020Debug|Any CPU.Build.0 = Create2020Debug|Any CPU
		{7BFC0A5E-BBC9-4BD8-A795-078B430EAA4E}.Create2020Debug|x64.ActiveCfg = Create2020Debug|x64
		{7BFC0A5E-BBC9-4BD8-A795-078B430EAA4E}.Create2020Debug|x64.Build.0 = Create2020Debug|x64
		{7BFC0A5E-BBC9-4BD8-A795-078B430EAA4E}.Create2020Release|Any CPU.ActiveCfg = Create2020Release|Any CPU
		{7BFC0A5E-BBC9-4BD8-A795-078B430EAA4E}.Create2020Release|Any CPU.Build.0 = Create2020Release|Any CPU
		{7BFC0A5E-BBC9-4BD8-A795-078B430EAA4E}.Create2020Release|x64.ActiveCfg = Create2020Release|x64
		{7BFC0A5E-BBC9-4BD8-A795-078B430EAA4E}.Create2020Release|x64.Build.0 = Create2020Release|x64
		{7BFC0A5E-BBC9-4BD8-A795-078B430EAA4E}.Create2021Debug|Any CPU.ActiveCfg = Create2020Debug|Any CPU
		{7BFC0A5E-BBC9-4BD8-A795-078B430EAA4E}.Create2021Debug|Any CPU.Build.0 = Create2020Debug|Any CPU
		{7BFC0A5E-BBC9-4BD8-A795-078B430EAA4E}.Create2021Debug|x64.ActiveCfg = Create2020Debug|x64
		{7BFC0A5E-BBC9-4BD8-A795-078B430EAA4E}.Create2021Debug|x64.Build.0 = Create2020Debug|x64
		{7BFC0A5E-BBC9-4BD8-A795-078B430EAA4E}.Create2021Release|Any CPU.ActiveCfg = Create2020Debug|Any CPU
		{7BFC0A5E-BBC9-4BD8-A795-078B430EAA4E}.Create2021Release|Any CPU.Build.0 = Create2020Debug|Any CPU
		{7BFC0A5E-BBC9-4BD8-A795-078B430EAA4E}.Create2021Release|x64.ActiveCfg = Create2020Debug|x64
		{7BFC0A5E-BBC9-4BD8-A795-078B430EAA4E}.Create2021Release|x64.Build.0 = Create2020Debug|x64
		{7BFC0A5E-BBC9-4BD8-A795-078B430EAA4E}.Debug|Any CPU.ActiveCfg = Debug|Any CPU
		{7BFC0A5E-BBC9-4BD8-A795-078B430EAA4E}.Debug|Any CPU.Build.0 = Debug|Any CPU
		{7BFC0A5E-BBC9-4BD8-A795-078B430EAA4E}.Debug|x64.ActiveCfg = Debug|x64
		{7BFC0A5E-BBC9-4BD8-A795-078B430EAA4E}.Debug|x64.Build.0 = Debug|x64
		{7BFC0A5E-BBC9-4BD8-A795-078B430EAA4E}.Dup2017Debug|Any CPU.ActiveCfg = Debug|Any CPU
		{7BFC0A5E-BBC9-4BD8-A795-078B430EAA4E}.Dup2017Debug|x64.ActiveCfg = Debug|x64
		{7BFC0A5E-BBC9-4BD8-A795-078B430EAA4E}.Dup2017Debug|x64.Build.0 = Debug|x64
		{7BFC0A5E-BBC9-4BD8-A795-078B430EAA4E}.Dup2017Release|Any CPU.ActiveCfg = Release|Any CPU
		{7BFC0A5E-BBC9-4BD8-A795-078B430EAA4E}.Dup2017Release|x64.ActiveCfg = Release|x64
		{7BFC0A5E-BBC9-4BD8-A795-078B430EAA4E}.Dup2017Release|x64.Build.0 = Release|x64
		{7BFC0A5E-BBC9-4BD8-A795-078B430EAA4E}.Dup2018Debug|Any CPU.ActiveCfg = Debug|Any CPU
		{7BFC0A5E-BBC9-4BD8-A795-078B430EAA4E}.Dup2018Debug|x64.ActiveCfg = Debug|x64
		{7BFC0A5E-BBC9-4BD8-A795-078B430EAA4E}.Dup2018Debug|x64.Build.0 = Debug|x64
		{7BFC0A5E-BBC9-4BD8-A795-078B430EAA4E}.Dup2018Release|Any CPU.ActiveCfg = Release|Any CPU
		{7BFC0A5E-BBC9-4BD8-A795-078B430EAA4E}.Dup2018Release|x64.ActiveCfg = Release|x64
		{7BFC0A5E-BBC9-4BD8-A795-078B430EAA4E}.Dup2018Release|x64.Build.0 = Release|x64
		{7BFC0A5E-BBC9-4BD8-A795-078B430EAA4E}.Dup2019Debug|Any CPU.ActiveCfg = Debug|Any CPU
		{7BFC0A5E-BBC9-4BD8-A795-078B430EAA4E}.Dup2019Debug|x64.ActiveCfg = Debug|x64
		{7BFC0A5E-BBC9-4BD8-A795-078B430EAA4E}.Dup2019Debug|x64.Build.0 = Debug|x64
		{7BFC0A5E-BBC9-4BD8-A795-078B430EAA4E}.Dup2019Release|Any CPU.ActiveCfg = Release|Any CPU
		{7BFC0A5E-BBC9-4BD8-A795-078B430EAA4E}.Dup2019Release|x64.ActiveCfg = Release|x64
		{7BFC0A5E-BBC9-4BD8-A795-078B430EAA4E}.Dup2019Release|x64.Build.0 = Release|x64
		{7BFC0A5E-BBC9-4BD8-A795-078B430EAA4E}.Dup2020Debug|Any CPU.ActiveCfg = Debug|Any CPU
		{7BFC0A5E-BBC9-4BD8-A795-078B430EAA4E}.Dup2020Debug|x64.ActiveCfg = Debug|x64
		{7BFC0A5E-BBC9-4BD8-A795-078B430EAA4E}.Dup2020Debug|x64.Build.0 = Debug|x64
		{7BFC0A5E-BBC9-4BD8-A795-078B430EAA4E}.Dup2020Release|Any CPU.ActiveCfg = Release|Any CPU
		{7BFC0A5E-BBC9-4BD8-A795-078B430EAA4E}.Dup2020Release|x64.ActiveCfg = Release|x64
		{7BFC0A5E-BBC9-4BD8-A795-078B430EAA4E}.Dup2020Release|x64.Build.0 = Release|x64
		{7BFC0A5E-BBC9-4BD8-A795-078B430EAA4E}.Dup2021Debug|Any CPU.ActiveCfg = Debug|Any CPU
		{7BFC0A5E-BBC9-4BD8-A795-078B430EAA4E}.Dup2021Debug|Any CPU.Build.0 = Debug|Any CPU
		{7BFC0A5E-BBC9-4BD8-A795-078B430EAA4E}.Dup2021Debug|x64.ActiveCfg = Debug|x64
		{7BFC0A5E-BBC9-4BD8-A795-078B430EAA4E}.Dup2021Debug|x64.Build.0 = Debug|x64
		{7BFC0A5E-BBC9-4BD8-A795-078B430EAA4E}.Dup2021Release|Any CPU.ActiveCfg = Release|Any CPU
		{7BFC0A5E-BBC9-4BD8-A795-078B430EAA4E}.Dup2021Release|Any CPU.Build.0 = Release|Any CPU
		{7BFC0A5E-BBC9-4BD8-A795-078B430EAA4E}.Dup2021Release|x64.ActiveCfg = Release|x64
		{7BFC0A5E-BBC9-4BD8-A795-078B430EAA4E}.Dup2021Release|x64.Build.0 = Release|x64
		{7BFC0A5E-BBC9-4BD8-A795-078B430EAA4E}.Release|Any CPU.ActiveCfg = Release|Any CPU
		{7BFC0A5E-BBC9-4BD8-A795-078B430EAA4E}.Release|Any CPU.Build.0 = Release|Any CPU
		{7BFC0A5E-BBC9-4BD8-A795-078B430EAA4E}.Release|x64.ActiveCfg = Release|x64
		{7BFC0A5E-BBC9-4BD8-A795-078B430EAA4E}.Release|x64.Build.0 = Release|x64
		{3823D62C-DBFA-478E-8A1A-34868E8B7053}.Create2017Debug|Any CPU.ActiveCfg = Debug|Any CPU
		{3823D62C-DBFA-478E-8A1A-34868E8B7053}.Create2017Debug|x64.ActiveCfg = Debug|x64
		{3823D62C-DBFA-478E-8A1A-34868E8B7053}.Create2017Debug|x64.Build.0 = Debug|x64
		{3823D62C-DBFA-478E-8A1A-34868E8B7053}.Create2017Release|Any CPU.ActiveCfg = Release|Any CPU
		{3823D62C-DBFA-478E-8A1A-34868E8B7053}.Create2017Release|x64.ActiveCfg = Release|x64
		{3823D62C-DBFA-478E-8A1A-34868E8B7053}.Create2017Release|x64.Build.0 = Release|x64
		{3823D62C-DBFA-478E-8A1A-34868E8B7053}.Create2018Debug|Any CPU.ActiveCfg = Debug|Any CPU
		{3823D62C-DBFA-478E-8A1A-34868E8B7053}.Create2018Debug|x64.ActiveCfg = Debug|x64
		{3823D62C-DBFA-478E-8A1A-34868E8B7053}.Create2018Debug|x64.Build.0 = Debug|x64
		{3823D62C-DBFA-478E-8A1A-34868E8B7053}.Create2018Release|Any CPU.ActiveCfg = Release|Any CPU
		{3823D62C-DBFA-478E-8A1A-34868E8B7053}.Create2018Release|x64.ActiveCfg = Release|x64
		{3823D62C-DBFA-478E-8A1A-34868E8B7053}.Create2018Release|x64.Build.0 = Release|x64
		{3823D62C-DBFA-478E-8A1A-34868E8B7053}.Create2019Debug|Any CPU.ActiveCfg = Debug|Any CPU
		{3823D62C-DBFA-478E-8A1A-34868E8B7053}.Create2019Debug|x64.ActiveCfg = Debug|x64
		{3823D62C-DBFA-478E-8A1A-34868E8B7053}.Create2019Debug|x64.Build.0 = Debug|x64
		{3823D62C-DBFA-478E-8A1A-34868E8B7053}.Create2019Release|Any CPU.ActiveCfg = Release|Any CPU
		{3823D62C-DBFA-478E-8A1A-34868E8B7053}.Create2019Release|x64.ActiveCfg = Release|x64
		{3823D62C-DBFA-478E-8A1A-34868E8B7053}.Create2019Release|x64.Build.0 = Release|x64
		{3823D62C-DBFA-478E-8A1A-34868E8B7053}.Create2020Debug|Any CPU.ActiveCfg = Debug|Any CPU
		{3823D62C-DBFA-478E-8A1A-34868E8B7053}.Create2020Debug|x64.ActiveCfg = Debug|x64
		{3823D62C-DBFA-478E-8A1A-34868E8B7053}.Create2020Debug|x64.Build.0 = Debug|x64
		{3823D62C-DBFA-478E-8A1A-34868E8B7053}.Create2020Release|Any CPU.ActiveCfg = Release|Any CPU
		{3823D62C-DBFA-478E-8A1A-34868E8B7053}.Create2020Release|x64.ActiveCfg = Release|x64
		{3823D62C-DBFA-478E-8A1A-34868E8B7053}.Create2020Release|x64.Build.0 = Release|x64
		{3823D62C-DBFA-478E-8A1A-34868E8B7053}.Create2021Debug|Any CPU.ActiveCfg = Debug|Any CPU
		{3823D62C-DBFA-478E-8A1A-34868E8B7053}.Create2021Debug|Any CPU.Build.0 = Debug|Any CPU
		{3823D62C-DBFA-478E-8A1A-34868E8B7053}.Create2021Debug|x64.ActiveCfg = Debug|x64
		{3823D62C-DBFA-478E-8A1A-34868E8B7053}.Create2021Debug|x64.Build.0 = Debug|x64
		{3823D62C-DBFA-478E-8A1A-34868E8B7053}.Create2021Release|Any CPU.ActiveCfg = Release|Any CPU
		{3823D62C-DBFA-478E-8A1A-34868E8B7053}.Create2021Release|Any CPU.Build.0 = Release|Any CPU
		{3823D62C-DBFA-478E-8A1A-34868E8B7053}.Create2021Release|x64.ActiveCfg = Release|x64
		{3823D62C-DBFA-478E-8A1A-34868E8B7053}.Create2021Release|x64.Build.0 = Release|x64
		{3823D62C-DBFA-478E-8A1A-34868E8B7053}.Debug|Any CPU.ActiveCfg = Debug|Any CPU
		{3823D62C-DBFA-478E-8A1A-34868E8B7053}.Debug|Any CPU.Build.0 = Debug|Any CPU
		{3823D62C-DBFA-478E-8A1A-34868E8B7053}.Debug|x64.ActiveCfg = Debug|x64
		{3823D62C-DBFA-478E-8A1A-34868E8B7053}.Debug|x64.Build.0 = Debug|x64
		{3823D62C-DBFA-478E-8A1A-34868E8B7053}.Dup2017Debug|Any CPU.ActiveCfg = Dup2019Release|Any CPU
		{3823D62C-DBFA-478E-8A1A-34868E8B7053}.Dup2017Debug|x64.ActiveCfg = Dup2019Release|x64
		{3823D62C-DBFA-478E-8A1A-34868E8B7053}.Dup2017Debug|x64.Build.0 = Dup2019Release|x64
		{3823D62C-DBFA-478E-8A1A-34868E8B7053}.Dup2017Release|Any CPU.ActiveCfg = Release|Any CPU
		{3823D62C-DBFA-478E-8A1A-34868E8B7053}.Dup2017Release|x64.ActiveCfg = Release|x64
		{3823D62C-DBFA-478E-8A1A-34868E8B7053}.Dup2017Release|x64.Build.0 = Release|x64
		{3823D62C-DBFA-478E-8A1A-34868E8B7053}.Dup2018Debug|Any CPU.ActiveCfg = Dup2019Release|Any CPU
		{3823D62C-DBFA-478E-8A1A-34868E8B7053}.Dup2018Debug|x64.ActiveCfg = Dup2019Release|x64
		{3823D62C-DBFA-478E-8A1A-34868E8B7053}.Dup2018Debug|x64.Build.0 = Dup2019Release|x64
		{3823D62C-DBFA-478E-8A1A-34868E8B7053}.Dup2018Release|Any CPU.ActiveCfg = Release|Any CPU
		{3823D62C-DBFA-478E-8A1A-34868E8B7053}.Dup2018Release|x64.ActiveCfg = Release|x64
		{3823D62C-DBFA-478E-8A1A-34868E8B7053}.Dup2018Release|x64.Build.0 = Release|x64
		{3823D62C-DBFA-478E-8A1A-34868E8B7053}.Dup2019Debug|Any CPU.ActiveCfg = Dup2019Debug|Any CPU
		{3823D62C-DBFA-478E-8A1A-34868E8B7053}.Dup2019Debug|Any CPU.Build.0 = Dup2019Debug|Any CPU
		{3823D62C-DBFA-478E-8A1A-34868E8B7053}.Dup2019Debug|x64.ActiveCfg = Dup2019Debug|x64
		{3823D62C-DBFA-478E-8A1A-34868E8B7053}.Dup2019Debug|x64.Build.0 = Dup2019Debug|x64
		{3823D62C-DBFA-478E-8A1A-34868E8B7053}.Dup2019Release|Any CPU.ActiveCfg = Dup2019Release|Any CPU
		{3823D62C-DBFA-478E-8A1A-34868E8B7053}.Dup2019Release|Any CPU.Build.0 = Dup2019Release|Any CPU
		{3823D62C-DBFA-478E-8A1A-34868E8B7053}.Dup2019Release|x64.ActiveCfg = Dup2019Release|x64
		{3823D62C-DBFA-478E-8A1A-34868E8B7053}.Dup2019Release|x64.Build.0 = Dup2019Release|x64
		{3823D62C-DBFA-478E-8A1A-34868E8B7053}.Dup2020Debug|Any CPU.ActiveCfg = Dup2019Release|Any CPU
		{3823D62C-DBFA-478E-8A1A-34868E8B7053}.Dup2020Debug|x64.ActiveCfg = Dup2019Release|x64
		{3823D62C-DBFA-478E-8A1A-34868E8B7053}.Dup2020Debug|x64.Build.0 = Dup2019Release|x64
		{3823D62C-DBFA-478E-8A1A-34868E8B7053}.Dup2020Release|Any CPU.ActiveCfg = Release|Any CPU
		{3823D62C-DBFA-478E-8A1A-34868E8B7053}.Dup2020Release|x64.ActiveCfg = Release|x64
		{3823D62C-DBFA-478E-8A1A-34868E8B7053}.Dup2020Release|x64.Build.0 = Release|x64
		{3823D62C-DBFA-478E-8A1A-34868E8B7053}.Dup2021Debug|Any CPU.ActiveCfg = Dup2019Debug|Any CPU
		{3823D62C-DBFA-478E-8A1A-34868E8B7053}.Dup2021Debug|Any CPU.Build.0 = Dup2019Debug|Any CPU
		{3823D62C-DBFA-478E-8A1A-34868E8B7053}.Dup2021Debug|x64.ActiveCfg = Dup2019Debug|x64
		{3823D62C-DBFA-478E-8A1A-34868E8B7053}.Dup2021Debug|x64.Build.0 = Dup2019Debug|x64
		{3823D62C-DBFA-478E-8A1A-34868E8B7053}.Dup2021Release|Any CPU.ActiveCfg = Release|Any CPU
		{3823D62C-DBFA-478E-8A1A-34868E8B7053}.Dup2021Release|Any CPU.Build.0 = Release|Any CPU
		{3823D62C-DBFA-478E-8A1A-34868E8B7053}.Dup2021Release|x64.ActiveCfg = Release|x64
		{3823D62C-DBFA-478E-8A1A-34868E8B7053}.Dup2021Release|x64.Build.0 = Release|x64
		{3823D62C-DBFA-478E-8A1A-34868E8B7053}.Release|Any CPU.ActiveCfg = Release|Any CPU
		{3823D62C-DBFA-478E-8A1A-34868E8B7053}.Release|Any CPU.Build.0 = Release|Any CPU
		{3823D62C-DBFA-478E-8A1A-34868E8B7053}.Release|x64.ActiveCfg = Release|x64
		{3823D62C-DBFA-478E-8A1A-34868E8B7053}.Release|x64.Build.0 = Release|x64
		{385CB207-0D76-4CCB-A601-0FFFE978446A}.Create2017Debug|Any CPU.ActiveCfg = Debug|Any CPU
		{385CB207-0D76-4CCB-A601-0FFFE978446A}.Create2017Debug|x64.ActiveCfg = Debug|x64
		{385CB207-0D76-4CCB-A601-0FFFE978446A}.Create2017Debug|x64.Build.0 = Debug|x64
		{385CB207-0D76-4CCB-A601-0FFFE978446A}.Create2017Release|Any CPU.ActiveCfg = Release|Any CPU
		{385CB207-0D76-4CCB-A601-0FFFE978446A}.Create2017Release|x64.ActiveCfg = Release|x64
		{385CB207-0D76-4CCB-A601-0FFFE978446A}.Create2017Release|x64.Build.0 = Release|x64
		{385CB207-0D76-4CCB-A601-0FFFE978446A}.Create2018Debug|Any CPU.ActiveCfg = Debug|Any CPU
		{385CB207-0D76-4CCB-A601-0FFFE978446A}.Create2018Debug|x64.ActiveCfg = Debug|x64
		{385CB207-0D76-4CCB-A601-0FFFE978446A}.Create2018Debug|x64.Build.0 = Debug|x64
		{385CB207-0D76-4CCB-A601-0FFFE978446A}.Create2018Release|Any CPU.ActiveCfg = Release|Any CPU
		{385CB207-0D76-4CCB-A601-0FFFE978446A}.Create2018Release|x64.ActiveCfg = Release|x64
		{385CB207-0D76-4CCB-A601-0FFFE978446A}.Create2018Release|x64.Build.0 = Release|x64
		{385CB207-0D76-4CCB-A601-0FFFE978446A}.Create2019Debug|Any CPU.ActiveCfg = Debug|Any CPU
		{385CB207-0D76-4CCB-A601-0FFFE978446A}.Create2019Debug|x64.ActiveCfg = Debug|x64
		{385CB207-0D76-4CCB-A601-0FFFE978446A}.Create2019Debug|x64.Build.0 = Debug|x64
		{385CB207-0D76-4CCB-A601-0FFFE978446A}.Create2019Release|Any CPU.ActiveCfg = Release|Any CPU
		{385CB207-0D76-4CCB-A601-0FFFE978446A}.Create2019Release|x64.ActiveCfg = Release|x64
		{385CB207-0D76-4CCB-A601-0FFFE978446A}.Create2019Release|x64.Build.0 = Release|x64
		{385CB207-0D76-4CCB-A601-0FFFE978446A}.Create2020Debug|Any CPU.ActiveCfg = Debug|Any CPU
		{385CB207-0D76-4CCB-A601-0FFFE978446A}.Create2020Debug|x64.ActiveCfg = Debug|x64
		{385CB207-0D76-4CCB-A601-0FFFE978446A}.Create2020Debug|x64.Build.0 = Debug|x64
		{385CB207-0D76-4CCB-A601-0FFFE978446A}.Create2020Release|Any CPU.ActiveCfg = Release|Any CPU
		{385CB207-0D76-4CCB-A601-0FFFE978446A}.Create2020Release|x64.ActiveCfg = Release|x64
		{385CB207-0D76-4CCB-A601-0FFFE978446A}.Create2020Release|x64.Build.0 = Release|x64
		{385CB207-0D76-4CCB-A601-0FFFE978446A}.Create2021Debug|Any CPU.ActiveCfg = Debug|Any CPU
		{385CB207-0D76-4CCB-A601-0FFFE978446A}.Create2021Debug|Any CPU.Build.0 = Debug|Any CPU
		{385CB207-0D76-4CCB-A601-0FFFE978446A}.Create2021Debug|x64.ActiveCfg = Debug|x64
		{385CB207-0D76-4CCB-A601-0FFFE978446A}.Create2021Debug|x64.Build.0 = Debug|x64
		{385CB207-0D76-4CCB-A601-0FFFE978446A}.Create2021Release|Any CPU.ActiveCfg = Release|Any CPU
		{385CB207-0D76-4CCB-A601-0FFFE978446A}.Create2021Release|Any CPU.Build.0 = Release|Any CPU
		{385CB207-0D76-4CCB-A601-0FFFE978446A}.Create2021Release|x64.ActiveCfg = Release|x64
		{385CB207-0D76-4CCB-A601-0FFFE978446A}.Create2021Release|x64.Build.0 = Release|x64
		{385CB207-0D76-4CCB-A601-0FFFE978446A}.Debug|Any CPU.ActiveCfg = Debug|Any CPU
		{385CB207-0D76-4CCB-A601-0FFFE978446A}.Debug|Any CPU.Build.0 = Debug|Any CPU
		{385CB207-0D76-4CCB-A601-0FFFE978446A}.Debug|x64.ActiveCfg = Debug|x64
		{385CB207-0D76-4CCB-A601-0FFFE978446A}.Debug|x64.Build.0 = Debug|x64
		{385CB207-0D76-4CCB-A601-0FFFE978446A}.Dup2017Debug|Any CPU.ActiveCfg = Dup2020Release|Any CPU
		{385CB207-0D76-4CCB-A601-0FFFE978446A}.Dup2017Debug|x64.ActiveCfg = Dup2020Release|x64
		{385CB207-0D76-4CCB-A601-0FFFE978446A}.Dup2017Debug|x64.Build.0 = Dup2020Release|x64
		{385CB207-0D76-4CCB-A601-0FFFE978446A}.Dup2017Release|Any CPU.ActiveCfg = Release|Any CPU
		{385CB207-0D76-4CCB-A601-0FFFE978446A}.Dup2017Release|x64.ActiveCfg = Release|x64
		{385CB207-0D76-4CCB-A601-0FFFE978446A}.Dup2017Release|x64.Build.0 = Release|x64
		{385CB207-0D76-4CCB-A601-0FFFE978446A}.Dup2018Debug|Any CPU.ActiveCfg = Dup2020Release|Any CPU
		{385CB207-0D76-4CCB-A601-0FFFE978446A}.Dup2018Debug|x64.ActiveCfg = Dup2020Release|x64
		{385CB207-0D76-4CCB-A601-0FFFE978446A}.Dup2018Debug|x64.Build.0 = Dup2020Release|x64
		{385CB207-0D76-4CCB-A601-0FFFE978446A}.Dup2018Release|Any CPU.ActiveCfg = Release|Any CPU
		{385CB207-0D76-4CCB-A601-0FFFE978446A}.Dup2018Release|x64.ActiveCfg = Release|x64
		{385CB207-0D76-4CCB-A601-0FFFE978446A}.Dup2018Release|x64.Build.0 = Release|x64
		{385CB207-0D76-4CCB-A601-0FFFE978446A}.Dup2019Debug|Any CPU.ActiveCfg = Dup2020Release|Any CPU
		{385CB207-0D76-4CCB-A601-0FFFE978446A}.Dup2019Debug|x64.ActiveCfg = Dup2020Release|x64
		{385CB207-0D76-4CCB-A601-0FFFE978446A}.Dup2019Debug|x64.Build.0 = Dup2020Release|x64
		{385CB207-0D76-4CCB-A601-0FFFE978446A}.Dup2019Release|Any CPU.ActiveCfg = Release|Any CPU
		{385CB207-0D76-4CCB-A601-0FFFE978446A}.Dup2019Release|x64.ActiveCfg = Release|x64
		{385CB207-0D76-4CCB-A601-0FFFE978446A}.Dup2019Release|x64.Build.0 = Release|x64
		{385CB207-0D76-4CCB-A601-0FFFE978446A}.Dup2020Debug|Any CPU.ActiveCfg = Dup2020Debug|Any CPU
		{385CB207-0D76-4CCB-A601-0FFFE978446A}.Dup2020Debug|Any CPU.Build.0 = Dup2020Debug|Any CPU
		{385CB207-0D76-4CCB-A601-0FFFE978446A}.Dup2020Debug|x64.ActiveCfg = Dup2020Debug|x64
		{385CB207-0D76-4CCB-A601-0FFFE978446A}.Dup2020Debug|x64.Build.0 = Dup2020Debug|x64
		{385CB207-0D76-4CCB-A601-0FFFE978446A}.Dup2020Release|Any CPU.ActiveCfg = Dup2020Release|Any CPU
		{385CB207-0D76-4CCB-A601-0FFFE978446A}.Dup2020Release|x64.ActiveCfg = Dup2020Release|x64
		{385CB207-0D76-4CCB-A601-0FFFE978446A}.Dup2020Release|x64.Build.0 = Dup2020Release|x64
		{385CB207-0D76-4CCB-A601-0FFFE978446A}.Dup2021Debug|Any CPU.ActiveCfg = Dup2020Debug|Any CPU
		{385CB207-0D76-4CCB-A601-0FFFE978446A}.Dup2021Debug|Any CPU.Build.0 = Dup2020Debug|Any CPU
		{385CB207-0D76-4CCB-A601-0FFFE978446A}.Dup2021Debug|x64.ActiveCfg = Dup2020Debug|x64
		{385CB207-0D76-4CCB-A601-0FFFE978446A}.Dup2021Debug|x64.Build.0 = Dup2020Debug|x64
		{385CB207-0D76-4CCB-A601-0FFFE978446A}.Dup2021Release|Any CPU.ActiveCfg = Release|Any CPU
		{385CB207-0D76-4CCB-A601-0FFFE978446A}.Dup2021Release|Any CPU.Build.0 = Release|Any CPU
		{385CB207-0D76-4CCB-A601-0FFFE978446A}.Dup2021Release|x64.ActiveCfg = Release|x64
		{385CB207-0D76-4CCB-A601-0FFFE978446A}.Dup2021Release|x64.Build.0 = Release|x64
		{385CB207-0D76-4CCB-A601-0FFFE978446A}.Release|Any CPU.ActiveCfg = Release|Any CPU
		{385CB207-0D76-4CCB-A601-0FFFE978446A}.Release|Any CPU.Build.0 = Release|Any CPU
		{385CB207-0D76-4CCB-A601-0FFFE978446A}.Release|x64.ActiveCfg = Release|x64
		{385CB207-0D76-4CCB-A601-0FFFE978446A}.Release|x64.Build.0 = Release|x64
		{00196854-AA9E-4FDD-9346-834708DAC17B}.Create2017Debug|Any CPU.ActiveCfg = Debug|Any CPU
		{00196854-AA9E-4FDD-9346-834708DAC17B}.Create2017Debug|x64.ActiveCfg = Debug|Any CPU
		{00196854-AA9E-4FDD-9346-834708DAC17B}.Create2017Debug|x64.Build.0 = Debug|Any CPU
		{00196854-AA9E-4FDD-9346-834708DAC17B}.Create2017Release|Any CPU.ActiveCfg = Release|Any CPU
		{00196854-AA9E-4FDD-9346-834708DAC17B}.Create2017Release|x64.ActiveCfg = Release|Any CPU
		{00196854-AA9E-4FDD-9346-834708DAC17B}.Create2017Release|x64.Build.0 = Release|Any CPU
		{00196854-AA9E-4FDD-9346-834708DAC17B}.Create2018Debug|Any CPU.ActiveCfg = Debug|Any CPU
		{00196854-AA9E-4FDD-9346-834708DAC17B}.Create2018Debug|x64.ActiveCfg = Debug|Any CPU
		{00196854-AA9E-4FDD-9346-834708DAC17B}.Create2018Debug|x64.Build.0 = Debug|Any CPU
		{00196854-AA9E-4FDD-9346-834708DAC17B}.Create2018Release|Any CPU.ActiveCfg = Release|Any CPU
		{00196854-AA9E-4FDD-9346-834708DAC17B}.Create2018Release|x64.ActiveCfg = Release|Any CPU
		{00196854-AA9E-4FDD-9346-834708DAC17B}.Create2018Release|x64.Build.0 = Release|Any CPU
		{00196854-AA9E-4FDD-9346-834708DAC17B}.Create2019Debug|Any CPU.ActiveCfg = Debug|Any CPU
		{00196854-AA9E-4FDD-9346-834708DAC17B}.Create2019Debug|x64.ActiveCfg = Debug|Any CPU
		{00196854-AA9E-4FDD-9346-834708DAC17B}.Create2019Debug|x64.Build.0 = Debug|Any CPU
		{00196854-AA9E-4FDD-9346-834708DAC17B}.Create2019Release|Any CPU.ActiveCfg = Release|Any CPU
		{00196854-AA9E-4FDD-9346-834708DAC17B}.Create2019Release|x64.ActiveCfg = Release|Any CPU
		{00196854-AA9E-4FDD-9346-834708DAC17B}.Create2019Release|x64.Build.0 = Release|Any CPU
		{00196854-AA9E-4FDD-9346-834708DAC17B}.Create2020Debug|Any CPU.ActiveCfg = Debug|Any CPU
		{00196854-AA9E-4FDD-9346-834708DAC17B}.Create2020Debug|x64.ActiveCfg = Debug|Any CPU
		{00196854-AA9E-4FDD-9346-834708DAC17B}.Create2020Debug|x64.Build.0 = Debug|Any CPU
		{00196854-AA9E-4FDD-9346-834708DAC17B}.Create2020Release|Any CPU.ActiveCfg = Release|Any CPU
		{00196854-AA9E-4FDD-9346-834708DAC17B}.Create2020Release|x64.ActiveCfg = Release|Any CPU
		{00196854-AA9E-4FDD-9346-834708DAC17B}.Create2020Release|x64.Build.0 = Release|Any CPU
		{00196854-AA9E-4FDD-9346-834708DAC17B}.Create2021Debug|Any CPU.ActiveCfg = Debug|Any CPU
		{00196854-AA9E-4FDD-9346-834708DAC17B}.Create2021Debug|Any CPU.Build.0 = Debug|Any CPU
		{00196854-AA9E-4FDD-9346-834708DAC17B}.Create2021Debug|x64.ActiveCfg = Debug|Any CPU
		{00196854-AA9E-4FDD-9346-834708DAC17B}.Create2021Debug|x64.Build.0 = Debug|Any CPU
		{00196854-AA9E-4FDD-9346-834708DAC17B}.Create2021Release|Any CPU.ActiveCfg = Release|Any CPU
		{00196854-AA9E-4FDD-9346-834708DAC17B}.Create2021Release|Any CPU.Build.0 = Release|Any CPU
		{00196854-AA9E-4FDD-9346-834708DAC17B}.Create2021Release|x64.ActiveCfg = Release|Any CPU
		{00196854-AA9E-4FDD-9346-834708DAC17B}.Create2021Release|x64.Build.0 = Release|Any CPU
		{00196854-AA9E-4FDD-9346-834708DAC17B}.Debug|Any CPU.ActiveCfg = Debug|Any CPU
		{00196854-AA9E-4FDD-9346-834708DAC17B}.Debug|Any CPU.Build.0 = Debug|Any CPU
		{00196854-AA9E-4FDD-9346-834708DAC17B}.Debug|x64.ActiveCfg = Debug|Any CPU
		{00196854-AA9E-4FDD-9346-834708DAC17B}.Debug|x64.Build.0 = Debug|Any CPU
		{00196854-AA9E-4FDD-9346-834708DAC17B}.Dup2017Debug|Any CPU.ActiveCfg = Dup2019Release|Any CPU
		{00196854-AA9E-4FDD-9346-834708DAC17B}.Dup2017Debug|x64.ActiveCfg = Dup2019Release|Any CPU
		{00196854-AA9E-4FDD-9346-834708DAC17B}.Dup2017Debug|x64.Build.0 = Dup2019Release|Any CPU
		{00196854-AA9E-4FDD-9346-834708DAC17B}.Dup2017Release|Any CPU.ActiveCfg = Release|Any CPU
		{00196854-AA9E-4FDD-9346-834708DAC17B}.Dup2017Release|x64.ActiveCfg = Release|Any CPU
		{00196854-AA9E-4FDD-9346-834708DAC17B}.Dup2017Release|x64.Build.0 = Release|Any CPU
		{00196854-AA9E-4FDD-9346-834708DAC17B}.Dup2018Debug|Any CPU.ActiveCfg = Dup2018Release|Any CPU
		{00196854-AA9E-4FDD-9346-834708DAC17B}.Dup2018Debug|x64.ActiveCfg = Dup2018Release|Any CPU
		{00196854-AA9E-4FDD-9346-834708DAC17B}.Dup2018Debug|x64.Build.0 = Dup2018Release|Any CPU
		{00196854-AA9E-4FDD-9346-834708DAC17B}.Dup2018Release|Any CPU.ActiveCfg = Dup2018Release|Any CPU
		{00196854-AA9E-4FDD-9346-834708DAC17B}.Dup2018Release|x64.ActiveCfg = Dup2018Release|Any CPU
		{00196854-AA9E-4FDD-9346-834708DAC17B}.Dup2018Release|x64.Build.0 = Dup2018Release|Any CPU
		{00196854-AA9E-4FDD-9346-834708DAC17B}.Dup2019Debug|Any CPU.ActiveCfg = Dup2019Release|Any CPU
		{00196854-AA9E-4FDD-9346-834708DAC17B}.Dup2019Debug|x64.ActiveCfg = Dup2019Release|Any CPU
		{00196854-AA9E-4FDD-9346-834708DAC17B}.Dup2019Debug|x64.Build.0 = Dup2019Release|Any CPU
		{00196854-AA9E-4FDD-9346-834708DAC17B}.Dup2019Release|Any CPU.ActiveCfg = Dup2019Release|Any CPU
		{00196854-AA9E-4FDD-9346-834708DAC17B}.Dup2019Release|x64.ActiveCfg = Dup2019Release|Any CPU
		{00196854-AA9E-4FDD-9346-834708DAC17B}.Dup2019Release|x64.Build.0 = Dup2019Release|Any CPU
		{00196854-AA9E-4FDD-9346-834708DAC17B}.Dup2020Debug|Any CPU.ActiveCfg = Dup2019Release|Any CPU
		{00196854-AA9E-4FDD-9346-834708DAC17B}.Dup2020Debug|x64.ActiveCfg = Dup2019Release|Any CPU
		{00196854-AA9E-4FDD-9346-834708DAC17B}.Dup2020Debug|x64.Build.0 = Dup2019Release|Any CPU
		{00196854-AA9E-4FDD-9346-834708DAC17B}.Dup2020Release|Any CPU.ActiveCfg = Release|Any CPU
		{00196854-AA9E-4FDD-9346-834708DAC17B}.Dup2020Release|Any CPU.Build.0 = Release|Any CPU
		{00196854-AA9E-4FDD-9346-834708DAC17B}.Dup2020Release|x64.ActiveCfg = Release|Any CPU
		{00196854-AA9E-4FDD-9346-834708DAC17B}.Dup2020Release|x64.Build.0 = Release|Any CPU
		{00196854-AA9E-4FDD-9346-834708DAC17B}.Dup2021Debug|Any CPU.ActiveCfg = Dup2018Release|Any CPU
		{00196854-AA9E-4FDD-9346-834708DAC17B}.Dup2021Debug|Any CPU.Build.0 = Dup2018Release|Any CPU
		{00196854-AA9E-4FDD-9346-834708DAC17B}.Dup2021Debug|x64.ActiveCfg = Dup2018Release|Any CPU
		{00196854-AA9E-4FDD-9346-834708DAC17B}.Dup2021Debug|x64.Build.0 = Dup2018Release|Any CPU
		{00196854-AA9E-4FDD-9346-834708DAC17B}.Dup2021Release|Any CPU.ActiveCfg = Release|Any CPU
		{00196854-AA9E-4FDD-9346-834708DAC17B}.Dup2021Release|Any CPU.Build.0 = Release|Any CPU
		{00196854-AA9E-4FDD-9346-834708DAC17B}.Dup2021Release|x64.ActiveCfg = Release|Any CPU
		{00196854-AA9E-4FDD-9346-834708DAC17B}.Dup2021Release|x64.Build.0 = Release|Any CPU
		{00196854-AA9E-4FDD-9346-834708DAC17B}.Release|Any CPU.ActiveCfg = Release|Any CPU
		{00196854-AA9E-4FDD-9346-834708DAC17B}.Release|Any CPU.Build.0 = Release|Any CPU
		{00196854-AA9E-4FDD-9346-834708DAC17B}.Release|x64.ActiveCfg = Release|Any CPU
		{00196854-AA9E-4FDD-9346-834708DAC17B}.Release|x64.Build.0 = Release|Any CPU
		{C5F8E611-D295-4863-98BE-69442B7807B3}.Create2017Debug|Any CPU.ActiveCfg = Debug|Any CPU
		{C5F8E611-D295-4863-98BE-69442B7807B3}.Create2017Debug|Any CPU.Build.0 = Debug|Any CPU
		{C5F8E611-D295-4863-98BE-69442B7807B3}.Create2017Debug|x64.ActiveCfg = Debug|x64
		{C5F8E611-D295-4863-98BE-69442B7807B3}.Create2017Debug|x64.Build.0 = Debug|x64
		{C5F8E611-D295-4863-98BE-69442B7807B3}.Create2017Release|Any CPU.ActiveCfg = Release|Any CPU
		{C5F8E611-D295-4863-98BE-69442B7807B3}.Create2017Release|Any CPU.Build.0 = Release|Any CPU
		{C5F8E611-D295-4863-98BE-69442B7807B3}.Create2017Release|x64.ActiveCfg = Release|x64
		{C5F8E611-D295-4863-98BE-69442B7807B3}.Create2017Release|x64.Build.0 = Release|x64
		{C5F8E611-D295-4863-98BE-69442B7807B3}.Create2018Debug|Any CPU.ActiveCfg = Debug|Any CPU
		{C5F8E611-D295-4863-98BE-69442B7807B3}.Create2018Debug|Any CPU.Build.0 = Debug|Any CPU
		{C5F8E611-D295-4863-98BE-69442B7807B3}.Create2018Debug|x64.ActiveCfg = Debug|x64
		{C5F8E611-D295-4863-98BE-69442B7807B3}.Create2018Debug|x64.Build.0 = Debug|x64
		{C5F8E611-D295-4863-98BE-69442B7807B3}.Create2018Release|Any CPU.ActiveCfg = Release|Any CPU
		{C5F8E611-D295-4863-98BE-69442B7807B3}.Create2018Release|Any CPU.Build.0 = Release|Any CPU
		{C5F8E611-D295-4863-98BE-69442B7807B3}.Create2018Release|x64.ActiveCfg = Release|x64
		{C5F8E611-D295-4863-98BE-69442B7807B3}.Create2018Release|x64.Build.0 = Release|x64
		{C5F8E611-D295-4863-98BE-69442B7807B3}.Create2019Debug|Any CPU.ActiveCfg = Debug|Any CPU
		{C5F8E611-D295-4863-98BE-69442B7807B3}.Create2019Debug|Any CPU.Build.0 = Debug|Any CPU
		{C5F8E611-D295-4863-98BE-69442B7807B3}.Create2019Debug|x64.ActiveCfg = Debug|x64
		{C5F8E611-D295-4863-98BE-69442B7807B3}.Create2019Debug|x64.Build.0 = Debug|x64
		{C5F8E611-D295-4863-98BE-69442B7807B3}.Create2019Release|Any CPU.ActiveCfg = Release|Any CPU
		{C5F8E611-D295-4863-98BE-69442B7807B3}.Create2019Release|Any CPU.Build.0 = Release|Any CPU
		{C5F8E611-D295-4863-98BE-69442B7807B3}.Create2019Release|x64.ActiveCfg = Release|x64
		{C5F8E611-D295-4863-98BE-69442B7807B3}.Create2019Release|x64.Build.0 = Release|x64
		{C5F8E611-D295-4863-98BE-69442B7807B3}.Create2020Debug|Any CPU.ActiveCfg = Debug|Any CPU
		{C5F8E611-D295-4863-98BE-69442B7807B3}.Create2020Debug|Any CPU.Build.0 = Debug|Any CPU
		{C5F8E611-D295-4863-98BE-69442B7807B3}.Create2020Debug|x64.ActiveCfg = Debug|x64
		{C5F8E611-D295-4863-98BE-69442B7807B3}.Create2020Debug|x64.Build.0 = Debug|x64
		{C5F8E611-D295-4863-98BE-69442B7807B3}.Create2020Release|Any CPU.ActiveCfg = Release|Any CPU
		{C5F8E611-D295-4863-98BE-69442B7807B3}.Create2020Release|Any CPU.Build.0 = Release|Any CPU
		{C5F8E611-D295-4863-98BE-69442B7807B3}.Create2020Release|x64.ActiveCfg = Release|x64
		{C5F8E611-D295-4863-98BE-69442B7807B3}.Create2020Release|x64.Build.0 = Release|x64
		{C5F8E611-D295-4863-98BE-69442B7807B3}.Create2021Debug|Any CPU.ActiveCfg = Debug|Any CPU
		{C5F8E611-D295-4863-98BE-69442B7807B3}.Create2021Debug|Any CPU.Build.0 = Debug|Any CPU
		{C5F8E611-D295-4863-98BE-69442B7807B3}.Create2021Debug|x64.ActiveCfg = Debug|x64
		{C5F8E611-D295-4863-98BE-69442B7807B3}.Create2021Debug|x64.Build.0 = Debug|x64
		{C5F8E611-D295-4863-98BE-69442B7807B3}.Create2021Release|Any CPU.ActiveCfg = Release|Any CPU
		{C5F8E611-D295-4863-98BE-69442B7807B3}.Create2021Release|Any CPU.Build.0 = Release|Any CPU
		{C5F8E611-D295-4863-98BE-69442B7807B3}.Create2021Release|x64.ActiveCfg = Release|x64
		{C5F8E611-D295-4863-98BE-69442B7807B3}.Create2021Release|x64.Build.0 = Release|x64
		{C5F8E611-D295-4863-98BE-69442B7807B3}.Debug|Any CPU.ActiveCfg = Debug|Any CPU
		{C5F8E611-D295-4863-98BE-69442B7807B3}.Debug|Any CPU.Build.0 = Debug|Any CPU
		{C5F8E611-D295-4863-98BE-69442B7807B3}.Debug|x64.ActiveCfg = Debug|x64
		{C5F8E611-D295-4863-98BE-69442B7807B3}.Debug|x64.Build.0 = Debug|x64
		{C5F8E611-D295-4863-98BE-69442B7807B3}.Dup2017Debug|Any CPU.ActiveCfg = Dup2021Release|Any CPU
		{C5F8E611-D295-4863-98BE-69442B7807B3}.Dup2017Debug|Any CPU.Build.0 = Dup2021Release|Any CPU
		{C5F8E611-D295-4863-98BE-69442B7807B3}.Dup2017Debug|x64.ActiveCfg = Dup2021Release|x64
		{C5F8E611-D295-4863-98BE-69442B7807B3}.Dup2017Debug|x64.Build.0 = Dup2021Release|x64
		{C5F8E611-D295-4863-98BE-69442B7807B3}.Dup2017Release|Any CPU.ActiveCfg = Release|Any CPU
		{C5F8E611-D295-4863-98BE-69442B7807B3}.Dup2017Release|Any CPU.Build.0 = Release|Any CPU
		{C5F8E611-D295-4863-98BE-69442B7807B3}.Dup2017Release|x64.ActiveCfg = Release|x64
		{C5F8E611-D295-4863-98BE-69442B7807B3}.Dup2017Release|x64.Build.0 = Release|x64
		{C5F8E611-D295-4863-98BE-69442B7807B3}.Dup2018Debug|Any CPU.ActiveCfg = Dup2021Release|Any CPU
		{C5F8E611-D295-4863-98BE-69442B7807B3}.Dup2018Debug|Any CPU.Build.0 = Dup2021Release|Any CPU
		{C5F8E611-D295-4863-98BE-69442B7807B3}.Dup2018Debug|x64.ActiveCfg = Dup2021Release|x64
		{C5F8E611-D295-4863-98BE-69442B7807B3}.Dup2018Debug|x64.Build.0 = Dup2021Release|x64
		{C5F8E611-D295-4863-98BE-69442B7807B3}.Dup2018Release|Any CPU.ActiveCfg = Release|Any CPU
		{C5F8E611-D295-4863-98BE-69442B7807B3}.Dup2018Release|Any CPU.Build.0 = Release|Any CPU
		{C5F8E611-D295-4863-98BE-69442B7807B3}.Dup2018Release|x64.ActiveCfg = Release|x64
		{C5F8E611-D295-4863-98BE-69442B7807B3}.Dup2018Release|x64.Build.0 = Release|x64
		{C5F8E611-D295-4863-98BE-69442B7807B3}.Dup2019Debug|Any CPU.ActiveCfg = Dup2021Release|Any CPU
		{C5F8E611-D295-4863-98BE-69442B7807B3}.Dup2019Debug|Any CPU.Build.0 = Dup2021Release|Any CPU
		{C5F8E611-D295-4863-98BE-69442B7807B3}.Dup2019Debug|x64.ActiveCfg = Dup2021Release|x64
		{C5F8E611-D295-4863-98BE-69442B7807B3}.Dup2019Debug|x64.Build.0 = Dup2021Release|x64
		{C5F8E611-D295-4863-98BE-69442B7807B3}.Dup2019Release|Any CPU.ActiveCfg = Release|Any CPU
		{C5F8E611-D295-4863-98BE-69442B7807B3}.Dup2019Release|Any CPU.Build.0 = Release|Any CPU
		{C5F8E611-D295-4863-98BE-69442B7807B3}.Dup2019Release|x64.ActiveCfg = Release|x64
		{C5F8E611-D295-4863-98BE-69442B7807B3}.Dup2019Release|x64.Build.0 = Release|x64
		{C5F8E611-D295-4863-98BE-69442B7807B3}.Dup2020Debug|Any CPU.ActiveCfg = Dup2021Release|Any CPU
		{C5F8E611-D295-4863-98BE-69442B7807B3}.Dup2020Debug|Any CPU.Build.0 = Dup2021Release|Any CPU
		{C5F8E611-D295-4863-98BE-69442B7807B3}.Dup2020Debug|x64.ActiveCfg = Dup2021Release|x64
		{C5F8E611-D295-4863-98BE-69442B7807B3}.Dup2020Debug|x64.Build.0 = Dup2021Release|x64
		{C5F8E611-D295-4863-98BE-69442B7807B3}.Dup2020Release|Any CPU.ActiveCfg = Release|Any CPU
		{C5F8E611-D295-4863-98BE-69442B7807B3}.Dup2020Release|Any CPU.Build.0 = Release|Any CPU
		{C5F8E611-D295-4863-98BE-69442B7807B3}.Dup2020Release|x64.ActiveCfg = Release|x64
		{C5F8E611-D295-4863-98BE-69442B7807B3}.Dup2020Release|x64.Build.0 = Release|x64
		{C5F8E611-D295-4863-98BE-69442B7807B3}.Dup2021Debug|Any CPU.ActiveCfg = Dup2021Debug|Any CPU
		{C5F8E611-D295-4863-98BE-69442B7807B3}.Dup2021Debug|Any CPU.Build.0 = Dup2021Debug|Any CPU
		{C5F8E611-D295-4863-98BE-69442B7807B3}.Dup2021Debug|x64.ActiveCfg = Dup2021Debug|x64
		{C5F8E611-D295-4863-98BE-69442B7807B3}.Dup2021Debug|x64.Build.0 = Dup2021Debug|x64
		{C5F8E611-D295-4863-98BE-69442B7807B3}.Dup2021Release|Any CPU.ActiveCfg = Dup2021Release|Any CPU
		{C5F8E611-D295-4863-98BE-69442B7807B3}.Dup2021Release|Any CPU.Build.0 = Dup2021Release|Any CPU
		{C5F8E611-D295-4863-98BE-69442B7807B3}.Dup2021Release|x64.ActiveCfg = Dup2021Release|x64
		{C5F8E611-D295-4863-98BE-69442B7807B3}.Dup2021Release|x64.Build.0 = Dup2021Release|x64
		{C5F8E611-D295-4863-98BE-69442B7807B3}.Release|Any CPU.ActiveCfg = Release|Any CPU
		{C5F8E611-D295-4863-98BE-69442B7807B3}.Release|Any CPU.Build.0 = Release|Any CPU
		{C5F8E611-D295-4863-98BE-69442B7807B3}.Release|x64.ActiveCfg = Release|x64
		{C5F8E611-D295-4863-98BE-69442B7807B3}.Release|x64.Build.0 = Release|x64
		{68828784-43D8-4F37-A33B-E81FD47CA2AF}.Create2017Debug|Any CPU.ActiveCfg = Create2021Release|Any CPU
		{68828784-43D8-4F37-A33B-E81FD47CA2AF}.Create2017Debug|Any CPU.Build.0 = Create2021Release|Any CPU
		{68828784-43D8-4F37-A33B-E81FD47CA2AF}.Create2017Debug|x64.ActiveCfg = Create2021Release|x64
		{68828784-43D8-4F37-A33B-E81FD47CA2AF}.Create2017Debug|x64.Build.0 = Create2021Release|x64
		{68828784-43D8-4F37-A33B-E81FD47CA2AF}.Create2017Release|Any CPU.ActiveCfg = Create2021Release|Any CPU
		{68828784-43D8-4F37-A33B-E81FD47CA2AF}.Create2017Release|Any CPU.Build.0 = Create2021Release|Any CPU
		{68828784-43D8-4F37-A33B-E81FD47CA2AF}.Create2017Release|x64.ActiveCfg = Create2021Release|x64
		{68828784-43D8-4F37-A33B-E81FD47CA2AF}.Create2017Release|x64.Build.0 = Create2021Release|x64
		{68828784-43D8-4F37-A33B-E81FD47CA2AF}.Create2018Debug|Any CPU.ActiveCfg = Create2021Release|Any CPU
		{68828784-43D8-4F37-A33B-E81FD47CA2AF}.Create2018Debug|Any CPU.Build.0 = Create2021Release|Any CPU
		{68828784-43D8-4F37-A33B-E81FD47CA2AF}.Create2018Debug|x64.ActiveCfg = Create2021Release|x64
		{68828784-43D8-4F37-A33B-E81FD47CA2AF}.Create2018Debug|x64.Build.0 = Create2021Release|x64
		{68828784-43D8-4F37-A33B-E81FD47CA2AF}.Create2018Release|Any CPU.ActiveCfg = Create2021Release|Any CPU
		{68828784-43D8-4F37-A33B-E81FD47CA2AF}.Create2018Release|Any CPU.Build.0 = Create2021Release|Any CPU
		{68828784-43D8-4F37-A33B-E81FD47CA2AF}.Create2018Release|x64.ActiveCfg = Create2021Release|x64
		{68828784-43D8-4F37-A33B-E81FD47CA2AF}.Create2018Release|x64.Build.0 = Create2021Release|x64
		{68828784-43D8-4F37-A33B-E81FD47CA2AF}.Create2019Debug|Any CPU.ActiveCfg = Create2021Release|Any CPU
		{68828784-43D8-4F37-A33B-E81FD47CA2AF}.Create2019Debug|Any CPU.Build.0 = Create2021Release|Any CPU
		{68828784-43D8-4F37-A33B-E81FD47CA2AF}.Create2019Debug|x64.ActiveCfg = Create2021Release|x64
		{68828784-43D8-4F37-A33B-E81FD47CA2AF}.Create2019Debug|x64.Build.0 = Create2021Release|x64
		{68828784-43D8-4F37-A33B-E81FD47CA2AF}.Create2019Release|Any CPU.ActiveCfg = Create2021Release|Any CPU
		{68828784-43D8-4F37-A33B-E81FD47CA2AF}.Create2019Release|Any CPU.Build.0 = Create2021Release|Any CPU
		{68828784-43D8-4F37-A33B-E81FD47CA2AF}.Create2019Release|x64.ActiveCfg = Create2021Release|x64
		{68828784-43D8-4F37-A33B-E81FD47CA2AF}.Create2019Release|x64.Build.0 = Create2021Release|x64
		{68828784-43D8-4F37-A33B-E81FD47CA2AF}.Create2020Debug|Any CPU.ActiveCfg = Create2021Release|Any CPU
		{68828784-43D8-4F37-A33B-E81FD47CA2AF}.Create2020Debug|Any CPU.Build.0 = Create2021Release|Any CPU
		{68828784-43D8-4F37-A33B-E81FD47CA2AF}.Create2020Debug|x64.ActiveCfg = Create2021Release|x64
		{68828784-43D8-4F37-A33B-E81FD47CA2AF}.Create2020Debug|x64.Build.0 = Create2021Release|x64
		{68828784-43D8-4F37-A33B-E81FD47CA2AF}.Create2020Release|Any CPU.ActiveCfg = Create2021Release|Any CPU
		{68828784-43D8-4F37-A33B-E81FD47CA2AF}.Create2020Release|Any CPU.Build.0 = Create2021Release|Any CPU
		{68828784-43D8-4F37-A33B-E81FD47CA2AF}.Create2020Release|x64.ActiveCfg = Create2021Release|x64
		{68828784-43D8-4F37-A33B-E81FD47CA2AF}.Create2020Release|x64.Build.0 = Create2021Release|x64
		{68828784-43D8-4F37-A33B-E81FD47CA2AF}.Create2021Debug|Any CPU.ActiveCfg = Create2021Debug|Any CPU
		{68828784-43D8-4F37-A33B-E81FD47CA2AF}.Create2021Debug|Any CPU.Build.0 = Create2021Debug|Any CPU
		{68828784-43D8-4F37-A33B-E81FD47CA2AF}.Create2021Debug|x64.ActiveCfg = Create2021Debug|x64
		{68828784-43D8-4F37-A33B-E81FD47CA2AF}.Create2021Debug|x64.Build.0 = Create2021Debug|x64
		{68828784-43D8-4F37-A33B-E81FD47CA2AF}.Create2021Release|Any CPU.ActiveCfg = Create2021Release|Any CPU
		{68828784-43D8-4F37-A33B-E81FD47CA2AF}.Create2021Release|Any CPU.Build.0 = Create2021Release|Any CPU
		{68828784-43D8-4F37-A33B-E81FD47CA2AF}.Create2021Release|x64.ActiveCfg = Create2021Release|x64
		{68828784-43D8-4F37-A33B-E81FD47CA2AF}.Create2021Release|x64.Build.0 = Create2021Release|x64
		{68828784-43D8-4F37-A33B-E81FD47CA2AF}.Debug|Any CPU.ActiveCfg = Debug|Any CPU
		{68828784-43D8-4F37-A33B-E81FD47CA2AF}.Debug|Any CPU.Build.0 = Debug|Any CPU
		{68828784-43D8-4F37-A33B-E81FD47CA2AF}.Debug|x64.ActiveCfg = Debug|x64
		{68828784-43D8-4F37-A33B-E81FD47CA2AF}.Debug|x64.Build.0 = Debug|x64
		{68828784-43D8-4F37-A33B-E81FD47CA2AF}.Dup2017Debug|Any CPU.ActiveCfg = Debug|Any CPU
		{68828784-43D8-4F37-A33B-E81FD47CA2AF}.Dup2017Debug|Any CPU.Build.0 = Debug|Any CPU
		{68828784-43D8-4F37-A33B-E81FD47CA2AF}.Dup2017Debug|x64.ActiveCfg = Debug|x64
		{68828784-43D8-4F37-A33B-E81FD47CA2AF}.Dup2017Debug|x64.Build.0 = Debug|x64
		{68828784-43D8-4F37-A33B-E81FD47CA2AF}.Dup2017Release|Any CPU.ActiveCfg = Release|Any CPU
		{68828784-43D8-4F37-A33B-E81FD47CA2AF}.Dup2017Release|Any CPU.Build.0 = Release|Any CPU
		{68828784-43D8-4F37-A33B-E81FD47CA2AF}.Dup2017Release|x64.ActiveCfg = Release|x64
		{68828784-43D8-4F37-A33B-E81FD47CA2AF}.Dup2017Release|x64.Build.0 = Release|x64
		{68828784-43D8-4F37-A33B-E81FD47CA2AF}.Dup2018Debug|Any CPU.ActiveCfg = Debug|Any CPU
		{68828784-43D8-4F37-A33B-E81FD47CA2AF}.Dup2018Debug|Any CPU.Build.0 = Debug|Any CPU
		{68828784-43D8-4F37-A33B-E81FD47CA2AF}.Dup2018Debug|x64.ActiveCfg = Debug|x64
		{68828784-43D8-4F37-A33B-E81FD47CA2AF}.Dup2018Debug|x64.Build.0 = Debug|x64
		{68828784-43D8-4F37-A33B-E81FD47CA2AF}.Dup2018Release|Any CPU.ActiveCfg = Release|Any CPU
		{68828784-43D8-4F37-A33B-E81FD47CA2AF}.Dup2018Release|Any CPU.Build.0 = Release|Any CPU
		{68828784-43D8-4F37-A33B-E81FD47CA2AF}.Dup2018Release|x64.ActiveCfg = Release|x64
		{68828784-43D8-4F37-A33B-E81FD47CA2AF}.Dup2018Release|x64.Build.0 = Release|x64
		{68828784-43D8-4F37-A33B-E81FD47CA2AF}.Dup2019Debug|Any CPU.ActiveCfg = Debug|Any CPU
		{68828784-43D8-4F37-A33B-E81FD47CA2AF}.Dup2019Debug|Any CPU.Build.0 = Debug|Any CPU
		{68828784-43D8-4F37-A33B-E81FD47CA2AF}.Dup2019Debug|x64.ActiveCfg = Debug|x64
		{68828784-43D8-4F37-A33B-E81FD47CA2AF}.Dup2019Debug|x64.Build.0 = Debug|x64
		{68828784-43D8-4F37-A33B-E81FD47CA2AF}.Dup2019Release|Any CPU.ActiveCfg = Release|Any CPU
		{68828784-43D8-4F37-A33B-E81FD47CA2AF}.Dup2019Release|Any CPU.Build.0 = Release|Any CPU
		{68828784-43D8-4F37-A33B-E81FD47CA2AF}.Dup2019Release|x64.ActiveCfg = Release|x64
		{68828784-43D8-4F37-A33B-E81FD47CA2AF}.Dup2019Release|x64.Build.0 = Release|x64
		{68828784-43D8-4F37-A33B-E81FD47CA2AF}.Dup2020Debug|Any CPU.ActiveCfg = Debug|Any CPU
		{68828784-43D8-4F37-A33B-E81FD47CA2AF}.Dup2020Debug|Any CPU.Build.0 = Debug|Any CPU
		{68828784-43D8-4F37-A33B-E81FD47CA2AF}.Dup2020Debug|x64.ActiveCfg = Debug|x64
		{68828784-43D8-4F37-A33B-E81FD47CA2AF}.Dup2020Debug|x64.Build.0 = Debug|x64
		{68828784-43D8-4F37-A33B-E81FD47CA2AF}.Dup2020Release|Any CPU.ActiveCfg = Release|Any CPU
		{68828784-43D8-4F37-A33B-E81FD47CA2AF}.Dup2020Release|Any CPU.Build.0 = Release|Any CPU
		{68828784-43D8-4F37-A33B-E81FD47CA2AF}.Dup2020Release|x64.ActiveCfg = Release|x64
		{68828784-43D8-4F37-A33B-E81FD47CA2AF}.Dup2020Release|x64.Build.0 = Release|x64
		{68828784-43D8-4F37-A33B-E81FD47CA2AF}.Dup2021Debug|Any CPU.ActiveCfg = Debug|Any CPU
		{68828784-43D8-4F37-A33B-E81FD47CA2AF}.Dup2021Debug|Any CPU.Build.0 = Debug|Any CPU
		{68828784-43D8-4F37-A33B-E81FD47CA2AF}.Dup2021Debug|x64.ActiveCfg = Debug|x64
		{68828784-43D8-4F37-A33B-E81FD47CA2AF}.Dup2021Debug|x64.Build.0 = Debug|x64
		{68828784-43D8-4F37-A33B-E81FD47CA2AF}.Dup2021Release|Any CPU.ActiveCfg = Release|Any CPU
		{68828784-43D8-4F37-A33B-E81FD47CA2AF}.Dup2021Release|Any CPU.Build.0 = Release|Any CPU
		{68828784-43D8-4F37-A33B-E81FD47CA2AF}.Dup2021Release|x64.ActiveCfg = Release|x64
		{68828784-43D8-4F37-A33B-E81FD47CA2AF}.Dup2021Release|x64.Build.0 = Release|x64
		{68828784-43D8-4F37-A33B-E81FD47CA2AF}.Release|Any CPU.ActiveCfg = Release|Any CPU
		{68828784-43D8-4F37-A33B-E81FD47CA2AF}.Release|Any CPU.Build.0 = Release|Any CPU
		{68828784-43D8-4F37-A33B-E81FD47CA2AF}.Release|x64.ActiveCfg = Release|x64
		{68828784-43D8-4F37-A33B-E81FD47CA2AF}.Release|x64.Build.0 = Release|x64
	EndGlobalSection
	GlobalSection(SolutionProperties) = preSolution
		HideSolutionNode = FALSE
	EndGlobalSection
	GlobalSection(ExtensibilityGlobals) = postSolution
		SolutionGuid = {68498CF4-62CC-4FB0-9515-4F4A23EDA328}
	EndGlobalSection
EndGlobal
